# This file is autogenerated, do not edit; changes may be undone by the next 'dep ensure'.


[[projects]]
  name = "github.com/coreos/etcd"
  packages = ["client","pkg/pathutil","pkg/srv","pkg/types","version"]
  revision = "d0d1a87aa96ae14914751d42264262cb69eda170"
  version = "v3.2.5"

[[projects]]
  name = "github.com/coreos/go-semver"
  packages = ["semver"]
  revision = "8ab6407b697782a06568d4b7f1db25550ec2e4c6"
  version = "v0.2.0"

[[projects]]
  branch = "master"
  name = "github.com/cybertec-postgresql/vip-manager"
  packages = ["checker"]
  revision = "1f6ef79dce5576223a6f87a4998248c305835804"

[[projects]]
  name = "github.com/hashicorp/consul"
  packages = ["api"]
  revision = "75ca2cace08e38de8af1731ee8614d0533d5a4d4"
  version = "v0.9.2"

[[projects]]
  branch = "master"
  name = "github.com/hashicorp/go-cleanhttp"
  packages = ["."]
  revision = "3573b8b52aa7b37b9358d966a898feb387f62437"

[[projects]]
  branch = "master"
  name = "github.com/hashicorp/go-rootcerts"
  packages = ["."]
  revision = "6bb64b370b90e7ef1fa532be9e591a81c3493e00"

[[projects]]
  name = "github.com/hashicorp/serf"
  packages = ["coordinate"]
  revision = "d6574a5bb1226678d7010325fb6c985db20ee458"
  version = "v0.8.1"

[[projects]]
  branch = "master"
  name = "github.com/mdlayher/arp"
  packages = ["."]
  revision = "43953fc6354aa71b6d6814755eceba262eae9246"

[[projects]]
  branch = "master"
  name = "github.com/mdlayher/ethernet"
  packages = ["."]
  revision = "e72cf8343052938936194daba1914fd1bb33d2fe"

[[projects]]
  branch = "master"
  name = "github.com/mdlayher/raw"
  packages = ["."]
  revision = "156e9b63ae185a43fd1726bbee88eb0109afe5f4"

[[projects]]
  branch = "master"
  name = "github.com/mitchellh/go-homedir"
  packages = ["."]
  revision = "b8bc1bf767474819792c23f32d8286a45736f1c6"

[[projects]]
  branch = "master"
  name = "github.com/ugorji/go"
  packages = ["codec"]
  revision = "5efa3251c7f7d05e5d9704a69a984ec9f1386a40"

[[projects]]
  branch = "master"
  name = "golang.org/x/net"
  packages = ["bpf","context"]
  revision = "1c05540f6879653db88113bc4a2b70aec4bd491f"

[[projects]]
  branch = "master"
  name = "golang.org/x/sys"
  packages = ["unix"]
  revision = "92ac112afc6efd90284acda2b046fc0e351228f6"

[solve-meta]
  analyzer-name = "dep"
  analyzer-version = 1
  inputs-digest = "669c45c2c5a3d9cb3c1a64d28387a1dc43cf64b0b20f5b42942e56a500311799"
  solver-name = "gps-cdcl"
  solver-version = 1
